
Microsoft Visual Studio Solution File, Format Version 12.00
# Visual Studio 2012
Project("{FAE04EC0-301F-11D3-BF4B-00C04F79EFBC}") = "DAL", "DAL\DAL.csproj", "{733B53D2-AC75-4113-BE3D-3D8DBAF44E36}"
EndProject
Project("{FAE04EC0-301F-11D3-BF4B-00C04F79EFBC}") = "Repository", "Repository\Repository.csproj", "{786FB8AF-4986-49BE-AEFF-8A4D063B9D83}"
EndProject
Project("{FAE04EC0-301F-11D3-BF4B-00C04F79EFBC}") = "Service", "Service\Service.csproj", "{8FE1D263-C9F7-4826-AA53-DF950DA7707F}"
EndProject
Project("{FAE04EC0-301F-11D3-BF4B-00C04F79EFBC}") = "Business", "Business\Business.csproj", "{D58819C2-6C23-4A82-94C1-1C07B6B84E41}"
EndProject
Project("{FAE04EC0-301F-11D3-BF4B-00C04F79EFBC}") = "Presentation", "Presentation\Presentation.csproj", "{5A945575-7991-44D8-8BC9-1EF163B61989}"
EndProject
Global
	GlobalSection(SolutionConfigurationPlatforms) = preSolution
		Debug|Any CPU = Debug|Any CPU
		Release|Any CPU = Release|Any CPU
	EndGlobalSection
	GlobalSection(ProjectConfigurationPlatforms) = postSolution
		{733B53D2-AC75-4113-BE3D-3D8DBAF44E36}.Debug|Any CPU.ActiveCfg = Debug|Any CPU
		{733B53D2-AC75-4113-BE3D-3D8DBAF44E36}.Debug|Any CPU.Build.0 = Debug|Any CPU
		{733B53D2-AC75-4113-BE3D-3D8DBAF44E36}.Release|Any CPU.ActiveCfg = Release|Any CPU
		{733B53D2-AC75-4113-BE3D-3D8DBAF44E36}.Release|Any CPU.Build.0 = Release|Any CPU
		{786FB8AF-4986-49BE-AEFF-8A4D063B9D83}.Debug|Any CPU.ActiveCfg = Debug|Any CPU
		{786FB8AF-4986-49BE-AEFF-8A4D063B9D83}.Debug|Any CPU.Build.0 = Debug|Any CPU
		{786FB8AF-4986-49BE-AEFF-8A4D063B9D83}.Release|Any CPU.ActiveCfg = Release|Any CPU
		{786FB8AF-4986-49BE-AEFF-8A4D063B9D83}.Release|Any CPU.Build.0 = Release|Any CPU
		{8FE1D263-C9F7-4826-AA53-DF950DA7707F}.Debug|Any CPU.ActiveCfg = Debug|Any CPU
		{8FE1D263-C9F7-4826-AA53-DF950DA7707F}.Debug|Any CPU.Build.0 = Debug|Any CPU
		{8FE1D263-C9F7-4826-AA53-DF950DA7707F}.Release|Any CPU.ActiveCfg = Release|Any CPU
		{8FE1D263-C9F7-4826-AA53-DF950DA7707F}.Release|Any CPU.Build.0 = Release|Any CPU
		{D58819C2-6C23-4A82-94C1-1C07B6B84E41}.Debug|Any CPU.ActiveCfg = Debug|Any CPU
		{D58819C2-6C23-4A82-94C1-1C07B6B84E41}.Debug|Any CPU.Build.0 = Debug|Any CPU
		{D58819C2-6C23-4A82-94C1-1C07B6B84E41}.Release|Any CPU.ActiveCfg = Release|Any CPU
		{D58819C2-6C23-4A82-94C1-1C07B6B84E41}.Release|Any CPU.Build.0 = Release|Any CPU
		{5A945575-7991-44D8-8BC9-1EF163B61989}.Debug|Any CPU.ActiveCfg = Debug|Any CPU
		{5A945575-7991-44D8-8BC9-1EF163B61989}.Debug|Any CPU.Build.0 = Debug|Any CPU
		{5A945575-7991-44D8-8BC9-1EF163B61989}.Release|Any CPU.ActiveCfg = Release|Any CPU
		{5A945575-7991-44D8-8BC9-1EF163B61989}.Release|Any CPU.Build.0 = Release|Any CPU
	EndGlobalSection
	GlobalSection(SolutionProperties) = preSolution
		HideSolutionNode = FALSE
	EndGlobalSection
EndGlobal
